
Microsoft Visual Studio Solution File, Format Version 12.00
# Visual Studio Version 16
VisualStudioVersion = 16.0.28803.202
MinimumVisualStudioVersion = 10.0.40219.1
Project("{FAE04EC0-301F-11D3-BF4B-00C04F79EFBC}") = "OOP.Constructor", "OOP.Constructor\OOP.Constructor.csproj", "{3B275471-93BF-498E-B576-672E4F9B26A0}"
EndProject
Global
	GlobalSection(SolutionConfigurationPlatforms) = preSolution
		Debug|Any CPU = Debug|Any CPU
		Release|Any CPU = Release|Any CPU
	EndGlobalSection
	GlobalSection(ProjectConfigurationPlatforms) = postSolution
		{3B275471-93BF-498E-B576-672E4F9B26A0}.Debug|Any CPU.ActiveCfg = Debug|Any CPU
		{3B275471-93BF-498E-B576-672E4F9B26A0}.Debug|Any CPU.Build.0 = Debug|Any CPU
		{3B275471-93BF-498E-B576-672E4F9B26A0}.Release|Any CPU.ActiveCfg = Release|Any CPU
		{3B275471-93BF-498E-B576-672E4F9B26A0}.Release|Any CPU.Build.0 = Release|Any CPU
	EndGlobalSection
	GlobalSection(SolutionProperties) = preSolution
		HideSolutionNode = FALSE
	EndGlobalSection
	GlobalSection(ExtensibilityGlobals) = postSolution
		SolutionGuid = {0C9CA83E-9EAD-48E0-8F46-D991A8FCBA14}
	EndGlobalSection
EndGlobal
